github.com/google/generative-ai-go v0.9.0 h1:r+v0jhTxrGkDNV/MvI/G8gPnzNhp1XAH7N1YrVVTFQ=
github.com/google/generative-ai-go v0.9.0/go.mod h1:nT8kT1Nq3F2+aNvWRJeVBDv2k3tXlcMvGqmHMq4RiU=
github.com/google/ai v0.3.2 h1:rYoKCQe+JJZ3m3VYGrRmKTyKLHx7KGz0WwzaJJUkEE=
github.com/google/ai v0.3.2/go.mod h1:F8dJJRUvGUx9JN2RNgUqALQW1sKvjfyDPrxqBaKQwY=
github.com/go-telegram-bot-api/telegram-bot-api/v5 v5.5.1 h1:wTLtDMH40pZyR/0sHn8JLFoLdkd8hxjYtEKbQqjs+A=
github.com/go-telegram-bot-api/telegram-bot-api/v5 v5.5.1/go.mod h1:A2S0mkLg7BjqFIbpSYKNuFvRAZP/HyLnqLJR5bCp/M=
github.com/joho/godotenv v1.5.1 h1:7P4SfwW+oDPH++I9Q2O88j3IuRXf7zLUUJ15IqE2EY=
github.com/joho/godotenv v1.5.1/go.mod h1:f4LDr5Voq0i2e/R5DDNOoa2zzDfwtkZa6DxwEIRh8E=
gopkg.in/yaml.v3 v3.0.1 h1:fxVm/GzAzEWqLHEvluCIK8jp4FJQsS0V10YYu9yWFk=
gopkg.in/yaml.v3 v3.0.1/go.mod h1:K4uyk7z7BCEPqu6E+C64Yfv1cQ7kz7rIZviUmN+EgE=
golang.org/x/time v0.5.0 h1:o7cqLznguB2Gardner8CjMQvDiQzSqxRvPqxIz2xvuqg=
golang.org/x/time v0.5.0/go.mod h1:P1wyf2V4Uffo4ztqiFN7V0fYSVqBjMYP5un5gx+opk=
golang.org/x/net v0.19.0 h1:zTwKpTd2XuCqf8huc7Fo2iSy+4RHPd10s8KWMVmW04=
golang.org/x/net v0.19.0/go.mod h1:CfAk/cbD4CthTvqiO8kqKDgLdwxqbQQAqHekziI+2c=
google.golang.org/api v0.151.0 h1:vuzYsZoKx9fkY7B34a2xvMrSMDmPTwqNcGpFCvStWs=
google.golang.org/api v0.151.0/go.mod h1:gGLDnc0aQfloErapWPUOCsJXk4RZSvnc7O2nopt3no=
google.golang.org/genproto v0.0.0-20231211222908-948df8a8d5f2 h1:jjZdKzNrtKfA3SHCbJzJpPvLH7sRK0FcZvWEZXaVDg=
google.golang.org/genproto v0.0.0-20231211222908-948df8a8d5f2/go.mod h1:l/ghbQvsSiBgBKN+reuqfiKTi3ntVR2atGzly5glb4=
google.golang.org/genproto/googleapis/api v0.0.0-20231211222908-948df8a8d5f2 h1:sn1xM3sZjSt4OwI4UGWbKOBXBXG7Ks0vDIpWgNW8wU=
google.golang.org/genproto/googleapis/api v0.0.0-20231211222908-948df8a8d5f2/go.mod h1:eE8fTXZHEGJ7QMfmR/LiH1NuYBZCTv/W+OvX5fPaY=
google.golang.org/genproto/googleapis/rpc v0.0.0-20231211222908-948df8a8d5f2 h1:ItbO4TYjGPG9h1LVGTmMONIWKVEv4Zin9+HLFz3kQ=
google.golang.org/genproto/googleapis/rpc v0.0.0-20231211222908-948df8a8d5f2/go.mod h1:nVkdHTYnPRwJWlBtLMJd5e0Fa/KGRfIRtmKL/ELk2Q=
google.golang.org/grpc v1.60.0 h1:6FQAR0kM+m+z+qvp5LsmhH6FSLd9Jq6L8VfF60JO24=
google.golang.org/grpc v1.60.0/go.mod h1:OlCHIieHFgnkGw4ievCDUC9qO11na9ZZl1Z+ERafuA=
google.golang.org/protobuf v1.32.0 h1:c6P6GXX6sHbq/GpV6MGZEdwhWPcYBgnhAHhKbcUYpos=
google.golang.org/protobuf v1.32.0/go.mod h1:c3/cjOl22Z5VCSIR21Vertc2DBIdyLwIvpHssksI24=
